
Microsoft Visual Studio Solution File, Format Version 12.00
# Visual Studio 15
VisualStudioVersion = 15.0.27130.2020
MinimumVisualStudioVersion = 10.0.40219.1
Project("{8BC9CEB8-8B4A-11D0-8D11-00A0C91BC942}") = "tic-tac-toe", "tic-tac-toe\tic-tac-toe.vcxproj", "{9125DFFE-6A8C-4C73-A41D-DD2B8081FA07}"
EndProject
Project("{8BC9CEB8-8B4A-11D0-8D11-00A0C91BC942}") = "Tic Tac Toe (easy)", "Tic Tac Toe (easy)\Tic Tac Toe (easy).vcxproj", "{9157562F-C3D0-45D1-937B-320281382A50}"
EndProject
Global
	GlobalSection(SolutionConfigurationPlatforms) = preSolution
		Debug|x64 = Debug|x64
		Debug|x86 = Debug|x86
		Release|x64 = Release|x64
		Release|x86 = Release|x86
	EndGlobalSection
	GlobalSection(ProjectConfigurationPlatforms) = postSolution
		{9125DFFE-6A8C-4C73-A41D-DD2B8081FA07}.Debug|x64.ActiveCfg = Debug|x64
		{9125DFFE-6A8C-4C73-A41D-DD2B8081FA07}.Debug|x64.Build.0 = Debug|x64
		{9125DFFE-6A8C-4C73-A41D-DD2B8081FA07}.Debug|x86.ActiveCfg = Debug|Win32
		{9125DFFE-6A8C-4C73-A41D-DD2B8081FA07}.Debug|x86.Build.0 = Debug|Win32
		{9125DFFE-6A8C-4C73-A41D-DD2B8081FA07}.Release|x64.ActiveCfg = Release|x64
		{9125DFFE-6A8C-4C73-A41D-DD2B8081FA07}.Release|x64.Build.0 = Release|x64
		{9125DFFE-6A8C-4C73-A41D-DD2B8081FA07}.Release|x86.ActiveCfg = Release|Win32
		{9125DFFE-6A8C-4C73-A41D-DD2B8081FA07}.Release|x86.Build.0 = Release|Win32
		{9157562F-C3D0-45D1-937B-320281382A50}.Debug|x64.ActiveCfg = Debug|x64
		{9157562F-C3D0-45D1-937B-320281382A50}.Debug|x64.Build.0 = Debug|x64
		{9157562F-C3D0-45D1-937B-320281382A50}.Debug|x86.ActiveCfg = Debug|Win32
		{9157562F-C3D0-45D1-937B-320281382A50}.Debug|x86.Build.0 = Debug|Win32
		{9157562F-C3D0-45D1-937B-320281382A50}.Release|x64.ActiveCfg = Release|x64
		{9157562F-C3D0-45D1-937B-320281382A50}.Release|x64.Build.0 = Release|x64
		{9157562F-C3D0-45D1-937B-320281382A50}.Release|x86.ActiveCfg = Release|Win32
		{9157562F-C3D0-45D1-937B-320281382A50}.Release|x86.Build.0 = Release|Win32
	EndGlobalSection
	GlobalSection(SolutionProperties) = preSolution
		HideSolutionNode = FALSE
	EndGlobalSection
	GlobalSection(ExtensibilityGlobals) = postSolution
		SolutionGuid = {B7CF4BF8-3FDE-4BF2-ACF2-FD298EA6F9C1}
	EndGlobalSection
EndGlobal
